
Microsoft Visual Studio Solution File, Format Version 12.00
# Visual Studio Version 16
VisualStudioVersion = 16.0.31004.235
MinimumVisualStudioVersion = 10.0.40219.1
Project("{FAE04EC0-301F-11D3-BF4B-00C04F79EFBC}") = "wa-github", "wa-github\wa-github.csproj", "{5C88F18A-B64F-4DEF-90B9-022822E91751}"
EndProject
Global
	GlobalSection(SolutionConfigurationPlatforms) = preSolution
		Debug|Any CPU = Debug|Any CPU
		Release|Any CPU = Release|Any CPU
	EndGlobalSection
	GlobalSection(ProjectConfigurationPlatforms) = postSolution
		{5C88F18A-B64F-4DEF-90B9-022822E91751}.Debug|Any CPU.ActiveCfg = Debug|Any CPU
		{5C88F18A-B64F-4DEF-90B9-022822E91751}.Debug|Any CPU.Build.0 = Debug|Any CPU
		{5C88F18A-B64F-4DEF-90B9-022822E91751}.Release|Any CPU.ActiveCfg = Release|Any CPU
		{5C88F18A-B64F-4DEF-90B9-022822E91751}.Release|Any CPU.Build.0 = Release|Any CPU
	EndGlobalSection
	GlobalSection(SolutionProperties) = preSolution
		HideSolutionNode = FALSE
	EndGlobalSection
	GlobalSection(ExtensibilityGlobals) = postSolution
		SolutionGuid = {6E6F56A0-2CB1-44FB-951E-AD168466CD94}
	EndGlobalSection
EndGlobal
